// !$*UTF8*$!
{
	archiveVersion = 1;
	classes = {
	};
	objectVersion = 48;
	objects = {

/* Begin PBXBuildFile section */
		52D02E4820E301DC7E908157 /* Pods_OpenClass.framework in Frameworks */ = {isa = PBXBuildFile; fileRef = 38AF9A1061F8D2640A806982 /* Pods_OpenClass.framework */; };
		5507697A1FA677EB00C8AE78 /* AppDelegate.swift in Sources */ = {isa = PBXBuildFile; fileRef = 550769791FA677EB00C8AE78 /* AppDelegate.swift */; };
		5507697C1FA677EB00C8AE78 /* LoginViewController.swift in Sources */ = {isa = PBXBuildFile; fileRef = 5507697B1FA677EB00C8AE78 /* LoginViewController.swift */; };
		5507697F1FA677EB00C8AE78 /* Main.storyboard in Resources */ = {isa = PBXBuildFile; fileRef = 5507697D1FA677EB00C8AE78 /* Main.storyboard */; };
		550769811FA677EB00C8AE78 /* Assets.xcassets in Resources */ = {isa = PBXBuildFile; fileRef = 550769801FA677EB00C8AE78 /* Assets.xcassets */; };
		550769841FA677EB00C8AE78 /* LaunchScreen.storyboard in Resources */ = {isa = PBXBuildFile; fileRef = 550769821FA677EB00C8AE78 /* LaunchScreen.storyboard */; };
		5507698F1FA677EB00C8AE78 /* OpenClassTests.swift in Sources */ = {isa = PBXBuildFile; fileRef = 5507698E1FA677EB00C8AE78 /* OpenClassTests.swift */; };
		5507699A1FA677EC00C8AE78 /* OpenClassUITests.swift in Sources */ = {isa = PBXBuildFile; fileRef = 550769991FA677EC00C8AE78 /* OpenClassUITests.swift */; };
		550769A81FA67A5100C8AE78 /* RegisterViewController.swift in Sources */ = {isa = PBXBuildFile; fileRef = 550769A71FA67A5100C8AE78 /* RegisterViewController.swift */; };
		550D9B371FBA83CB00C0B131 /* User.swift in Sources */ = {isa = PBXBuildFile; fileRef = 550D9B361FBA83CB00C0B131 /* User.swift */; };
		5525DE351FBF73AA00A72367 /* ForgotPasswordViewController.swift in Sources */ = {isa = PBXBuildFile; fileRef = 5525DE341FBF73AA00A72367 /* ForgotPasswordViewController.swift */; };
		552D85111FCA077700469DCE /* MainFeedTableViewController.swift in Sources */ = {isa = PBXBuildFile; fileRef = 552D85101FCA077700469DCE /* MainFeedTableViewController.swift */; };
		55458F9F1FBC2A41006C5D1C /* AnswersViewControllerTableViewCell.swift in Sources */ = {isa = PBXBuildFile; fileRef = 55458F9E1FBC2A41006C5D1C /* AnswersViewControllerTableViewCell.swift */; };
		554EDC581FB56B37003370AD /* GradientView.swift in Sources */ = {isa = PBXBuildFile; fileRef = 554EDC571FB56B37003370AD /* GradientView.swift */; };
		555C2A4B1FB1290900E79CF8 /* GoogleService-Info.plist in Resources */ = {isa = PBXBuildFile; fileRef = 555C2A4A1FB1290900E79CF8 /* GoogleService-Info.plist */; };
		555CED791FCB62EB00DDEFC5 /* QuestionFeedTableViewController.swift in Sources */ = {isa = PBXBuildFile; fileRef = 555CED781FCB62EB00DDEFC5 /* QuestionFeedTableViewController.swift */; };
		555FF48E1FB188CD002E362D /* CourseFeedViewController.swift in Sources */ = {isa = PBXBuildFile; fileRef = 555FF48D1FB188CD002E362D /* CourseFeedViewController.swift */; };
		55604AA51FBAE9640087584F /* AnswersViewController.swift in Sources */ = {isa = PBXBuildFile; fileRef = 55604AA41FBAE9640087584F /* AnswersViewController.swift */; };
		55B0DFE21FB68FDB009EC707 /* CourseFeedTableViewCell.swift in Sources */ = {isa = PBXBuildFile; fileRef = 55B0DFE11FB68FDB009EC707 /* CourseFeedTableViewCell.swift */; };
		55BD5C051FCB6B4000915A58 /* QuestionTableViewCell.swift in Sources */ = {isa = PBXBuildFile; fileRef = 55BD5C041FCB6B4000915A58 /* QuestionTableViewCell.swift */; };
		55BD5C071FCB70D500915A58 /* Question.swift in Sources */ = {isa = PBXBuildFile; fileRef = 55BD5C061FCB70D500915A58 /* Question.swift */; };
		6404DB931FBCFFE800A1E9D2 /* CreateCourseViewController.swift in Sources */ = {isa = PBXBuildFile; fileRef = 6404DB921FBCFFE800A1E9D2 /* CreateCourseViewController.swift */; };
		6404DB951FBD13B300A1E9D2 /* Course.swift in Sources */ = {isa = PBXBuildFile; fileRef = 6404DB941FBD13B300A1E9D2 /* Course.swift */; };
		64237C811FC3D7B7001E797A /* NoteTableViewCell.swift in Sources */ = {isa = PBXBuildFile; fileRef = 64237C801FC3D7B7001E797A /* NoteTableViewCell.swift */; };
		64237C831FC3DC7B001E797A /* NotesFeedViewController.swift in Sources */ = {isa = PBXBuildFile; fileRef = 64237C821FC3DC7B001E797A /* NotesFeedViewController.swift */; };
		64337E6E1FC0C4A6006F09A7 /* Notes.swift in Sources */ = {isa = PBXBuildFile; fileRef = 64337E6D1FC0C4A6006F09A7 /* Notes.swift */; };
		644241C81FD1742800232165 /* FullScreenPhotoViewController.swift in Sources */ = {isa = PBXBuildFile; fileRef = 644241C71FD1742800232165 /* FullScreenPhotoViewController.swift */; };
		644621FB1FC00C1900A909D1 /* NewClassNotesViewController.swift in Sources */ = {isa = PBXBuildFile; fileRef = 644621F91FC0095B00A909D1 /* NewClassNotesViewController.swift */; };
		6463AD221FC66E8B0034AA1D /* CommentsViewController.swift in Sources */ = {isa = PBXBuildFile; fileRef = 6463AD211FC66E8B0034AA1D /* CommentsViewController.swift */; };
		6463AD241FC6715B0034AA1D /* CommentTableViewCell.swift in Sources */ = {isa = PBXBuildFile; fileRef = 6463AD231FC6715B0034AA1D /* CommentTableViewCell.swift */; };
		6463AD261FC69B410034AA1D /* Comment.swift in Sources */ = {isa = PBXBuildFile; fileRef = 6463AD251FC69B410034AA1D /* Comment.swift */; };
		64662E591FBC44350035C68C /* AddCourseViewController.swift in Sources */ = {isa = PBXBuildFile; fileRef = 64662E581FBC44350035C68C /* AddCourseViewController.swift */; };
		64CD40521FC53B7D0010CBE4 /* SelectedNotesViewController.swift in Sources */ = {isa = PBXBuildFile; fileRef = 64CD40511FC53B7D0010CBE4 /* SelectedNotesViewController.swift */; };
		6B14C34F1FD3438E002E2EC3 /* StudentTableCell.swift in Sources */ = {isa = PBXBuildFile; fileRef = 6B14C34E1FD3438E002E2EC3 /* StudentTableCell.swift */; };
		6BE310631FCF62640044249D /* StudentListViewController.swift in Sources */ = {isa = PBXBuildFile; fileRef = 6BE310621FCF62640044249D /* StudentListViewController.swift */; };
		785775592CF1563505921EC0 /* Pods_OpenClassUITests.framework in Frameworks */ = {isa = PBXBuildFile; fileRef = 256232FA9B71169D3B13D6AC /* Pods_OpenClassUITests.framework */; };
		E55846E9D2AC00F8875590F2 /* Pods_OpenClassTests.framework in Frameworks */ = {isa = PBXBuildFile; fileRef = 230334D3D43B62F2CCEAB3B6 /* Pods_OpenClassTests.framework */; };
/* End PBXBuildFile section */

/* Begin PBXContainerItemProxy section */
		5507698B1FA677EB00C8AE78 /* PBXContainerItemProxy */ = {
			isa = PBXContainerItemProxy;
			containerPortal = 5507696E1FA677EB00C8AE78 /* Project object */;
			proxyType = 1;
			remoteGlobalIDString = 550769751FA677EB00C8AE78;
			remoteInfo = OpenClass;
		};
		550769961FA677EC00C8AE78 /* PBXContainerItemProxy */ = {
			isa = PBXContainerItemProxy;
			containerPortal = 5507696E1FA677EB00C8AE78 /* Project object */;
			proxyType = 1;
			remoteGlobalIDString = 550769751FA677EB00C8AE78;
			remoteInfo = OpenClass;
		};
/* End PBXContainerItemProxy section */

/* Begin PBXFileReference section */
		230334D3D43B62F2CCEAB3B6 /* Pods_OpenClassTests.framework */ = {isa = PBXFileReference; explicitFileType = wrapper.framework; includeInIndex = 0; path = Pods_OpenClassTests.framework; sourceTree = BUILT_PRODUCTS_DIR; };
		256232FA9B71169D3B13D6AC /* Pods_OpenClassUITests.framework */ = {isa = PBXFileReference; explicitFileType = wrapper.framework; includeInIndex = 0; path = Pods_OpenClassUITests.framework; sourceTree = BUILT_PRODUCTS_DIR; };
		2C374514CDAB4C06F00695D8 /* Pods-OpenClass.debug.xcconfig */ = {isa = PBXFileReference; includeInIndex = 1; lastKnownFileType = text.xcconfig; name = "Pods-OpenClass.debug.xcconfig"; path = "Pods/Target Support Files/Pods-OpenClass/Pods-OpenClass.debug.xcconfig"; sourceTree = "<group>"; };
		38AF9A1061F8D2640A806982 /* Pods_OpenClass.framework */ = {isa = PBXFileReference; explicitFileType = wrapper.framework; includeInIndex = 0; path = Pods_OpenClass.framework; sourceTree = BUILT_PRODUCTS_DIR; };
		3F962B473E4679D3791409B0 /* Pods-OpenClass.release.xcconfig */ = {isa = PBXFileReference; includeInIndex = 1; lastKnownFileType = text.xcconfig; name = "Pods-OpenClass.release.xcconfig"; path = "Pods/Target Support Files/Pods-OpenClass/Pods-OpenClass.release.xcconfig"; sourceTree = "<group>"; };
		409BDC7D0162282D8F061603 /* Pods-OpenClassUITests.debug.xcconfig */ = {isa = PBXFileReference; includeInIndex = 1; lastKnownFileType = text.xcconfig; name = "Pods-OpenClassUITests.debug.xcconfig"; path = "Pods/Target Support Files/Pods-OpenClassUITests/Pods-OpenClassUITests.debug.xcconfig"; sourceTree = "<group>"; };
		550769761FA677EB00C8AE78 /* OpenClass.app */ = {isa = PBXFileReference; explicitFileType = wrapper.application; includeInIndex = 0; path = OpenClass.app; sourceTree = BUILT_PRODUCTS_DIR; };
		550769791FA677EB00C8AE78 /* AppDelegate.swift */ = {isa = PBXFileReference; lastKnownFileType = sourcecode.swift; path = AppDelegate.swift; sourceTree = "<group>"; };
		5507697B1FA677EB00C8AE78 /* LoginViewController.swift */ = {isa = PBXFileReference; lastKnownFileType = sourcecode.swift; path = LoginViewController.swift; sourceTree = "<group>"; };
		5507697E1FA677EB00C8AE78 /* Base */ = {isa = PBXFileReference; lastKnownFileType = file.storyboard; name = Base; path = Base.lproj/Main.storyboard; sourceTree = "<group>"; };
		550769801FA677EB00C8AE78 /* Assets.xcassets */ = {isa = PBXFileReference; lastKnownFileType = folder.assetcatalog; path = Assets.xcassets; sourceTree = "<group>"; };
		550769831FA677EB00C8AE78 /* Base */ = {isa = PBXFileReference; lastKnownFileType = file.storyboard; name = Base; path = Base.lproj/LaunchScreen.storyboard; sourceTree = "<group>"; };
		550769851FA677EB00C8AE78 /* Info.plist */ = {isa = PBXFileReference; lastKnownFileType = text.plist.xml; path = Info.plist; sourceTree = "<group>"; };
		5507698A1FA677EB00C8AE78 /* OpenClassTests.xctest */ = {isa = PBXFileReference; explicitFileType = wrapper.cfbundle; includeInIndex = 0; path = OpenClassTests.xctest; sourceTree = BUILT_PRODUCTS_DIR; };
		5507698E1FA677EB00C8AE78 /* OpenClassTests.swift */ = {isa = PBXFileReference; lastKnownFileType = sourcecode.swift; path = OpenClassTests.swift; sourceTree = "<group>"; };
		550769901FA677EC00C8AE78 /* Info.plist */ = {isa = PBXFileReference; lastKnownFileType = text.plist.xml; path = Info.plist; sourceTree = "<group>"; };
		550769951FA677EC00C8AE78 /* OpenClassUITests.xctest */ = {isa = PBXFileReference; explicitFileType = wrapper.cfbundle; includeInIndex = 0; path = OpenClassUITests.xctest; sourceTree = BUILT_PRODUCTS_DIR; };
		550769991FA677EC00C8AE78 /* OpenClassUITests.swift */ = {isa = PBXFileReference; lastKnownFileType = sourcecode.swift; path = OpenClassUITests.swift; sourceTree = "<group>"; };
		5507699B1FA677EC00C8AE78 /* Info.plist */ = {isa = PBXFileReference; lastKnownFileType = text.plist.xml; path = Info.plist; sourceTree = "<group>"; };
		550769A71FA67A5100C8AE78 /* RegisterViewController.swift */ = {isa = PBXFileReference; lastKnownFileType = sourcecode.swift; path = RegisterViewController.swift; sourceTree = "<group>"; };
		550D9B361FBA83CB00C0B131 /* User.swift */ = {isa = PBXFileReference; lastKnownFileType = sourcecode.swift; path = User.swift; sourceTree = "<group>"; };
		5525DE341FBF73AA00A72367 /* ForgotPasswordViewController.swift */ = {isa = PBXFileReference; lastKnownFileType = sourcecode.swift; path = ForgotPasswordViewController.swift; sourceTree = "<group>"; };
		552D85101FCA077700469DCE /* MainFeedTableViewController.swift */ = {isa = PBXFileReference; lastKnownFileType = sourcecode.swift; path = MainFeedTableViewController.swift; sourceTree = "<group>"; };
		55458F9E1FBC2A41006C5D1C /* AnswersViewControllerTableViewCell.swift */ = {isa = PBXFileReference; lastKnownFileType = sourcecode.swift; path = AnswersViewControllerTableViewCell.swift; sourceTree = "<group>"; };
		554EDC571FB56B37003370AD /* GradientView.swift */ = {isa = PBXFileReference; lastKnownFileType = sourcecode.swift; path = GradientView.swift; sourceTree = "<group>"; };
		555C2A4A1FB1290900E79CF8 /* GoogleService-Info.plist */ = {isa = PBXFileReference; fileEncoding = 4; lastKnownFileType = text.plist.xml; path = "GoogleService-Info.plist"; sourceTree = "<group>"; };
		555CED781FCB62EB00DDEFC5 /* QuestionFeedTableViewController.swift */ = {isa = PBXFileReference; lastKnownFileType = sourcecode.swift; path = QuestionFeedTableViewController.swift; sourceTree = "<group>"; };
		555FF48D1FB188CD002E362D /* CourseFeedViewController.swift */ = {isa = PBXFileReference; lastKnownFileType = sourcecode.swift; path = CourseFeedViewController.swift; sourceTree = "<group>"; };
		55604AA41FBAE9640087584F /* AnswersViewController.swift */ = {isa = PBXFileReference; lastKnownFileType = sourcecode.swift; path = AnswersViewController.swift; sourceTree = "<group>"; };
		55B0DFE11FB68FDB009EC707 /* CourseFeedTableViewCell.swift */ = {isa = PBXFileReference; lastKnownFileType = sourcecode.swift; path = CourseFeedTableViewCell.swift; sourceTree = "<group>"; };
		55BD5C041FCB6B4000915A58 /* QuestionTableViewCell.swift */ = {isa = PBXFileReference; lastKnownFileType = sourcecode.swift; path = QuestionTableViewCell.swift; sourceTree = "<group>"; };
		55BD5C061FCB70D500915A58 /* Question.swift */ = {isa = PBXFileReference; lastKnownFileType = sourcecode.swift; path = Question.swift; sourceTree = "<group>"; };
		5D82D573B907585B8C7222F1 /* Pods-OpenClassTests.debug.xcconfig */ = {isa = PBXFileReference; includeInIndex = 1; lastKnownFileType = text.xcconfig; name = "Pods-OpenClassTests.debug.xcconfig"; path = "Pods/Target Support Files/Pods-OpenClassTests/Pods-OpenClassTests.debug.xcconfig"; sourceTree = "<group>"; };
		6404DB921FBCFFE800A1E9D2 /* CreateCourseViewController.swift */ = {isa = PBXFileReference; lastKnownFileType = sourcecode.swift; path = CreateCourseViewController.swift; sourceTree = "<group>"; };
		6404DB941FBD13B300A1E9D2 /* Course.swift */ = {isa = PBXFileReference; lastKnownFileType = sourcecode.swift; path = Course.swift; sourceTree = "<group>"; };
		64237C801FC3D7B7001E797A /* NoteTableViewCell.swift */ = {isa = PBXFileReference; lastKnownFileType = sourcecode.swift; path = NoteTableViewCell.swift; sourceTree = "<group>"; };
		64237C821FC3DC7B001E797A /* NotesFeedViewController.swift */ = {isa = PBXFileReference; lastKnownFileType = sourcecode.swift; path = NotesFeedViewController.swift; sourceTree = "<group>"; };
		64337E6D1FC0C4A6006F09A7 /* Notes.swift */ = {isa = PBXFileReference; lastKnownFileType = sourcecode.swift; path = Notes.swift; sourceTree = "<group>"; };
		644241C71FD1742800232165 /* FullScreenPhotoViewController.swift */ = {isa = PBXFileReference; lastKnownFileType = sourcecode.swift; path = FullScreenPhotoViewController.swift; sourceTree = "<group>"; };
		644621F91FC0095B00A909D1 /* NewClassNotesViewController.swift */ = {isa = PBXFileReference; lastKnownFileType = sourcecode.swift; name = NewClassNotesViewController.swift; path = OpenClass/Controllers/NewClassNotesViewController.swift; sourceTree = SOURCE_ROOT; };
		6463AD211FC66E8B0034AA1D /* CommentsViewController.swift */ = {isa = PBXFileReference; lastKnownFileType = sourcecode.swift; path = CommentsViewController.swift; sourceTree = "<group>"; };
		6463AD231FC6715B0034AA1D /* CommentTableViewCell.swift */ = {isa = PBXFileReference; lastKnownFileType = sourcecode.swift; path = CommentTableViewCell.swift; sourceTree = "<group>"; };
		6463AD251FC69B410034AA1D /* Comment.swift */ = {isa = PBXFileReference; lastKnownFileType = sourcecode.swift; path = Comment.swift; sourceTree = "<group>"; };
		64662E581FBC44350035C68C /* AddCourseViewController.swift */ = {isa = PBXFileReference; lastKnownFileType = sourcecode.swift; path = AddCourseViewController.swift; sourceTree = "<group>"; };
		64CD40511FC53B7D0010CBE4 /* SelectedNotesViewController.swift */ = {isa = PBXFileReference; lastKnownFileType = sourcecode.swift; path = SelectedNotesViewController.swift; sourceTree = "<group>"; };
		6B14C34E1FD3438E002E2EC3 /* StudentTableCell.swift */ = {isa = PBXFileReference; lastKnownFileType = sourcecode.swift; path = StudentTableCell.swift; sourceTree = "<group>"; };
		6BE310621FCF62640044249D /* StudentListViewController.swift */ = {isa = PBXFileReference; lastKnownFileType = sourcecode.swift; path = StudentListViewController.swift; sourceTree = "<group>"; };
		B94E53EE1DA56A3EAB0DC212 /* Pods-OpenClassUITests.release.xcconfig */ = {isa = PBXFileReference; includeInIndex = 1; lastKnownFileType = text.xcconfig; name = "Pods-OpenClassUITests.release.xcconfig"; path = "Pods/Target Support Files/Pods-OpenClassUITests/Pods-OpenClassUITests.release.xcconfig"; sourceTree = "<group>"; };
		D93FFBAC3618BB9CF18CD28A /* Pods-OpenClassTests.release.xcconfig */ = {isa = PBXFileReference; includeInIndex = 1; lastKnownFileType = text.xcconfig; name = "Pods-OpenClassTests.release.xcconfig"; path = "Pods/Target Support Files/Pods-OpenClassTests/Pods-OpenClassTests.release.xcconfig"; sourceTree = "<group>"; };
/* End PBXFileReference section */

/* Begin PBXFrameworksBuildPhase section */
		550769731FA677EB00C8AE78 /* Frameworks */ = {
			isa = PBXFrameworksBuildPhase;
			buildActionMask = 2147483647;
			files = (
				52D02E4820E301DC7E908157 /* Pods_OpenClass.framework in Frameworks */,
			);
			runOnlyForDeploymentPostprocessing = 0;
		};
		550769871FA677EB00C8AE78 /* Frameworks */ = {
			isa = PBXFrameworksBuildPhase;
			buildActionMask = 2147483647;
			files = (
				E55846E9D2AC00F8875590F2 /* Pods_OpenClassTests.framework in Frameworks */,
			);
			runOnlyForDeploymentPostprocessing = 0;
		};
		550769921FA677EC00C8AE78 /* Frameworks */ = {
			isa = PBXFrameworksBuildPhase;
			buildActionMask = 2147483647;
			files = (
				785775592CF1563505921EC0 /* Pods_OpenClassUITests.framework in Frameworks */,
			);
			runOnlyForDeploymentPostprocessing = 0;
		};
/* End PBXFrameworksBuildPhase section */

/* Begin PBXGroup section */
		0D3A89ED607C26B27FD408C1 /* Frameworks */ = {
			isa = PBXGroup;
			children = (
				38AF9A1061F8D2640A806982 /* Pods_OpenClass.framework */,
				230334D3D43B62F2CCEAB3B6 /* Pods_OpenClassTests.framework */,
				256232FA9B71169D3B13D6AC /* Pods_OpenClassUITests.framework */,
			);
			name = Frameworks;
			sourceTree = "<group>";
		};
		5507696D1FA677EB00C8AE78 = {
			isa = PBXGroup;
			children = (
				550769781FA677EB00C8AE78 /* OpenClass */,
				5507698D1FA677EB00C8AE78 /* OpenClassTests */,
				550769981FA677EC00C8AE78 /* OpenClassUITests */,
				550769771FA677EB00C8AE78 /* Products */,
				F2AABB19A4A5A9E8C78D8B33 /* Pods */,
				0D3A89ED607C26B27FD408C1 /* Frameworks */,
			);
			sourceTree = "<group>";
		};
		550769771FA677EB00C8AE78 /* Products */ = {
			isa = PBXGroup;
			children = (
				550769761FA677EB00C8AE78 /* OpenClass.app */,
				5507698A1FA677EB00C8AE78 /* OpenClassTests.xctest */,
				550769951FA677EC00C8AE78 /* OpenClassUITests.xctest */,
			);
			name = Products;
			sourceTree = "<group>";
		};
		550769781FA677EB00C8AE78 /* OpenClass */ = {
			isa = PBXGroup;
			children = (
				55B0DFE51FB69F0E009EC707 /* Extensions */,
				555FF48C1FB14F81002E362D /* Controllers */,
				550769791FA677EB00C8AE78 /* AppDelegate.swift */,
				5507697D1FA677EB00C8AE78 /* Main.storyboard */,
				550769801FA677EB00C8AE78 /* Assets.xcassets */,
				550769821FA677EB00C8AE78 /* LaunchScreen.storyboard */,
				550769851FA677EB00C8AE78 /* Info.plist */,
				555C2A4A1FB1290900E79CF8 /* GoogleService-Info.plist */,
			);
			path = OpenClass;
			sourceTree = "<group>";
		};
		5507698D1FA677EB00C8AE78 /* OpenClassTests */ = {
			isa = PBXGroup;
			children = (
				5507698E1FA677EB00C8AE78 /* OpenClassTests.swift */,
				550769901FA677EC00C8AE78 /* Info.plist */,
			);
			path = OpenClassTests;
			sourceTree = "<group>";
		};
		550769981FA677EC00C8AE78 /* OpenClassUITests */ = {
			isa = PBXGroup;
			children = (
				550769991FA677EC00C8AE78 /* OpenClassUITests.swift */,
				5507699B1FA677EC00C8AE78 /* Info.plist */,
			);
			path = OpenClassUITests;
			sourceTree = "<group>";
		};
		555FF48C1FB14F81002E362D /* Controllers */ = {
			isa = PBXGroup;
			children = (
				64662E581FBC44350035C68C /* AddCourseViewController.swift */,
				55604AA41FBAE9640087584F /* AnswersViewController.swift */,
				6463AD211FC66E8B0034AA1D /* CommentsViewController.swift */,
				555FF48D1FB188CD002E362D /* CourseFeedViewController.swift */,
				6404DB921FBCFFE800A1E9D2 /* CreateCourseViewController.swift */,
				5525DE341FBF73AA00A72367 /* ForgotPasswordViewController.swift */,
				5507697B1FA677EB00C8AE78 /* LoginViewController.swift */,
				552D85101FCA077700469DCE /* MainFeedTableViewController.swift */,
				644621F91FC0095B00A909D1 /* NewClassNotesViewController.swift */,
				64237C821FC3DC7B001E797A /* NotesFeedViewController.swift */,
				555CED781FCB62EB00DDEFC5 /* QuestionFeedTableViewController.swift */,
				550769A71FA67A5100C8AE78 /* RegisterViewController.swift */,
				64CD40511FC53B7D0010CBE4 /* SelectedNotesViewController.swift */,
				6BE310621FCF62640044249D /* StudentListViewController.swift */,
				644241C71FD1742800232165 /* FullScreenPhotoViewController.swift */,
			);
			path = Controllers;
			sourceTree = "<group>";
		};
		55B0DFE51FB69F0E009EC707 /* Extensions */ = {
			isa = PBXGroup;
			children = (
				55458F9E1FBC2A41006C5D1C /* AnswersViewControllerTableViewCell.swift */,
				6463AD251FC69B410034AA1D /* Comment.swift */,
				6463AD231FC6715B0034AA1D /* CommentTableViewCell.swift */,
				6404DB941FBD13B300A1E9D2 /* Course.swift */,
				55B0DFE11FB68FDB009EC707 /* CourseFeedTableViewCell.swift */,
				554EDC571FB56B37003370AD /* GradientView.swift */,
				64337E6D1FC0C4A6006F09A7 /* Notes.swift */,
				64237C801FC3D7B7001E797A /* NoteTableViewCell.swift */,
				55BD5C061FCB70D500915A58 /* Question.swift */,
				55BD5C041FCB6B4000915A58 /* QuestionTableViewCell.swift */,
				550D9B361FBA83CB00C0B131 /* User.swift */,
				6B14C34E1FD3438E002E2EC3 /* StudentTableCell.swift */,
			);
			path = Extensions;
			sourceTree = "<group>";
		};
		F2AABB19A4A5A9E8C78D8B33 /* Pods */ = {
			isa = PBXGroup;
			children = (
				2C374514CDAB4C06F00695D8 /* Pods-OpenClass.debug.xcconfig */,
				3F962B473E4679D3791409B0 /* Pods-OpenClass.release.xcconfig */,
				5D82D573B907585B8C7222F1 /* Pods-OpenClassTests.debug.xcconfig */,
				D93FFBAC3618BB9CF18CD28A /* Pods-OpenClassTests.release.xcconfig */,
				409BDC7D0162282D8F061603 /* Pods-OpenClassUITests.debug.xcconfig */,
				B94E53EE1DA56A3EAB0DC212 /* Pods-OpenClassUITests.release.xcconfig */,
			);
			name = Pods;
			sourceTree = "<group>";
		};
/* End PBXGroup section */

/* Begin PBXNativeTarget section */
		550769751FA677EB00C8AE78 /* OpenClass */ = {
			isa = PBXNativeTarget;
			buildConfigurationList = 5507699E1FA677EC00C8AE78 /* Build configuration list for PBXNativeTarget "OpenClass" */;
			buildPhases = (
				91B43B44526CA810AB6ED224 /* [CP] Check Pods Manifest.lock */,
				550769721FA677EB00C8AE78 /* Sources */,
				550769731FA677EB00C8AE78 /* Frameworks */,
				550769741FA677EB00C8AE78 /* Resources */,
				10E4CB4BD7FB01100AB09137 /* [CP] Embed Pods Frameworks */,
				C4B385EA088BDDE2CE642138 /* [CP] Copy Pods Resources */,
			);
			buildRules = (
			);
			dependencies = (
			);
			name = OpenClass;
			productName = OpenClass;
			productReference = 550769761FA677EB00C8AE78 /* OpenClass.app */;
			productType = "com.apple.product-type.application";
		};
		550769891FA677EB00C8AE78 /* OpenClassTests */ = {
			isa = PBXNativeTarget;
			buildConfigurationList = 550769A11FA677EC00C8AE78 /* Build configuration list for PBXNativeTarget "OpenClassTests" */;
			buildPhases = (
				FF016AF21712CE4A0E944696 /* [CP] Check Pods Manifest.lock */,
				550769861FA677EB00C8AE78 /* Sources */,
				550769871FA677EB00C8AE78 /* Frameworks */,
				550769881FA677EB00C8AE78 /* Resources */,
				355A8D0C68C7CDE9BDFDA19B /* [CP] Embed Pods Frameworks */,
				E30645065AD0BEE5A28243CC /* [CP] Copy Pods Resources */,
			);
			buildRules = (
			);
			dependencies = (
				5507698C1FA677EB00C8AE78 /* PBXTargetDependency */,
			);
			name = OpenClassTests;
			productName = OpenClassTests;
			productReference = 5507698A1FA677EB00C8AE78 /* OpenClassTests.xctest */;
			productType = "com.apple.product-type.bundle.unit-test";
		};
		550769941FA677EC00C8AE78 /* OpenClassUITests */ = {
			isa = PBXNativeTarget;
			buildConfigurationList = 550769A41FA677EC00C8AE78 /* Build configuration list for PBXNativeTarget "OpenClassUITests" */;
			buildPhases = (
				EDD208BCE316C03B9C3FC194 /* [CP] Check Pods Manifest.lock */,
				550769911FA677EC00C8AE78 /* Sources */,
				550769921FA677EC00C8AE78 /* Frameworks */,
				550769931FA677EC00C8AE78 /* Resources */,
				670D859F4D9FAAD6B8C20960 /* [CP] Embed Pods Frameworks */,
				99985B6666C19FD37A714DD4 /* [CP] Copy Pods Resources */,
			);
			buildRules = (
			);
			dependencies = (
				550769971FA677EC00C8AE78 /* PBXTargetDependency */,
			);
			name = OpenClassUITests;
			productName = OpenClassUITests;
			productReference = 550769951FA677EC00C8AE78 /* OpenClassUITests.xctest */;
			productType = "com.apple.product-type.bundle.ui-testing";
		};
/* End PBXNativeTarget section */

/* Begin PBXProject section */
		5507696E1FA677EB00C8AE78 /* Project object */ = {
			isa = PBXProject;
			attributes = {
				LastSwiftUpdateCheck = 0900;
				LastUpgradeCheck = 0900;
				ORGANIZATIONNAME = CS472;
				TargetAttributes = {
					550769751FA677EB00C8AE78 = {
						CreatedOnToolsVersion = 9.0.1;
						ProvisioningStyle = Automatic;
					};
					550769891FA677EB00C8AE78 = {
						CreatedOnToolsVersion = 9.0.1;
						ProvisioningStyle = Automatic;
						TestTargetID = 550769751FA677EB00C8AE78;
					};
					550769941FA677EC00C8AE78 = {
						CreatedOnToolsVersion = 9.0.1;
						ProvisioningStyle = Automatic;
						TestTargetID = 550769751FA677EB00C8AE78;
					};
				};
			};
			buildConfigurationList = 550769711FA677EB00C8AE78 /* Build configuration list for PBXProject "OpenClass" */;
			compatibilityVersion = "Xcode 8.0";
			developmentRegion = en;
			hasScannedForEncodings = 0;
			knownRegions = (
				en,
				Base,
			);
			mainGroup = 5507696D1FA677EB00C8AE78;
			productRefGroup = 550769771FA677EB00C8AE78 /* Products */;
			projectDirPath = "";
			projectRoot = "";
			targets = (
				550769751FA677EB00C8AE78 /* OpenClass */,
				550769891FA677EB00C8AE78 /* OpenClassTests */,
				550769941FA677EC00C8AE78 /* OpenClassUITests */,
			);
		};
/* End PBXProject section */

/* Begin PBXResourcesBuildPhase section */
		550769741FA677EB00C8AE78 /* Resources */ = {
			isa = PBXResourcesBuildPhase;
			buildActionMask = 2147483647;
			files = (
				550769841FA677EB00C8AE78 /* LaunchScreen.storyboard in Resources */,
				555C2A4B1FB1290900E79CF8 /* GoogleService-Info.plist in Resources */,
				550769811FA677EB00C8AE78 /* Assets.xcassets in Resources */,
				5507697F1FA677EB00C8AE78 /* Main.storyboard in Resources */,
			);
			runOnlyForDeploymentPostprocessing = 0;
		};
		550769881FA677EB00C8AE78 /* Resources */ = {
			isa = PBXResourcesBuildPhase;
			buildActionMask = 2147483647;
			files = (
			);
			runOnlyForDeploymentPostprocessing = 0;
		};
		550769931FA677EC00C8AE78 /* Resources */ = {
			isa = PBXResourcesBuildPhase;
			buildActionMask = 2147483647;
			files = (
			);
			runOnlyForDeploymentPostprocessing = 0;
		};
/* End PBXResourcesBuildPhase section */

/* Begin PBXShellScriptBuildPhase section */
		10E4CB4BD7FB01100AB09137 /* [CP] Embed Pods Frameworks */ = {
			isa = PBXShellScriptBuildPhase;
			buildActionMask = 2147483647;
			files = (
			);
			inputPaths = (
				"${SRCROOT}/Pods/Target Support Files/Pods-OpenClass/Pods-OpenClass-frameworks.sh",
				"${BUILT_PRODUCTS_DIR}/GTMSessionFetcher/GTMSessionFetcher.framework",
				"${BUILT_PRODUCTS_DIR}/GoogleToolboxForMac/GoogleToolboxForMac.framework",
				"${BUILT_PRODUCTS_DIR}/leveldb-library/leveldb.framework",
				"${BUILT_PRODUCTS_DIR}/nanopb/nanopb.framework",
			);
			name = "[CP] Embed Pods Frameworks";
			outputPaths = (
				"${TARGET_BUILD_DIR}/${FRAMEWORKS_FOLDER_PATH}/GTMSessionFetcher.framework",
				"${TARGET_BUILD_DIR}/${FRAMEWORKS_FOLDER_PATH}/GoogleToolboxForMac.framework",
				"${TARGET_BUILD_DIR}/${FRAMEWORKS_FOLDER_PATH}/leveldb.framework",
				"${TARGET_BUILD_DIR}/${FRAMEWORKS_FOLDER_PATH}/nanopb.framework",
			);
			runOnlyForDeploymentPostprocessing = 0;
			shellPath = /bin/sh;
			shellScript = "\"${SRCROOT}/Pods/Target Support Files/Pods-OpenClass/Pods-OpenClass-frameworks.sh\"\n";
			showEnvVarsInLog = 0;
		};
		355A8D0C68C7CDE9BDFDA19B /* [CP] Embed Pods Frameworks */ = {
			isa = PBXShellScriptBuildPhase;
			buildActionMask = 2147483647;
			files = (
			);
			inputPaths = (
			);
			name = "[CP] Embed Pods Frameworks";
			outputPaths = (
			);
			runOnlyForDeploymentPostprocessing = 0;
			shellPath = /bin/sh;
			shellScript = "\"${SRCROOT}/Pods/Target Support Files/Pods-OpenClassTests/Pods-OpenClassTests-frameworks.sh\"\n";
			showEnvVarsInLog = 0;
		};
		670D859F4D9FAAD6B8C20960 /* [CP] Embed Pods Frameworks */ = {
			isa = PBXShellScriptBuildPhase;
			buildActionMask = 2147483647;
			files = (
			);
			inputPaths = (
			);
			name = "[CP] Embed Pods Frameworks";
			outputPaths = (
			);
			runOnlyForDeploymentPostprocessing = 0;
			shellPath = /bin/sh;
			shellScript = "\"${SRCROOT}/Pods/Target Support Files/Pods-OpenClassUITests/Pods-OpenClassUITests-frameworks.sh\"\n";
			showEnvVarsInLog = 0;
		};
		91B43B44526CA810AB6ED224 /* [CP] Check Pods Manifest.lock */ = {
			isa = PBXShellScriptBuildPhase;
			buildActionMask = 2147483647;
			files = (
			);
			inputPaths = (
				"${PODS_PODFILE_DIR_PATH}/Podfile.lock",
				"${PODS_ROOT}/Manifest.lock",
			);
			name = "[CP] Check Pods Manifest.lock";
			outputPaths = (
				"$(DERIVED_FILE_DIR)/Pods-OpenClass-checkManifestLockResult.txt",
			);
			runOnlyForDeploymentPostprocessing = 0;
			shellPath = /bin/sh;
			shellScript = "diff \"${PODS_PODFILE_DIR_PATH}/Podfile.lock\" \"${PODS_ROOT}/Manifest.lock\" > /dev/null\nif [ $? != 0 ] ; then\n    # print error to STDERR\n    echo \"error: The sandbox is not in sync with the Podfile.lock. Run 'pod install' or update your CocoaPods installation.\" >&2\n    exit 1\nfi\n# This output is used by Xcode 'outputs' to avoid re-running this script phase.\necho \"SUCCESS\" > \"${SCRIPT_OUTPUT_FILE_0}\"\n";
			showEnvVarsInLog = 0;
		};
		99985B6666C19FD37A714DD4 /* [CP] Copy Pods Resources */ = {
			isa = PBXShellScriptBuildPhase;
			buildActionMask = 2147483647;
			files = (
			);
			inputPaths = (
			);
			name = "[CP] Copy Pods Resources";
			outputPaths = (
			);
			runOnlyForDeploymentPostprocessing = 0;
			shellPath = /bin/sh;
			shellScript = "\"${SRCROOT}/Pods/Target Support Files/Pods-OpenClassUITests/Pods-OpenClassUITests-resources.sh\"\n";
			showEnvVarsInLog = 0;
		};
		C4B385EA088BDDE2CE642138 /* [CP] Copy Pods Resources */ = {
			isa = PBXShellScriptBuildPhase;
			buildActionMask = 2147483647;
			files = (
			);
			inputPaths = (
			);
			name = "[CP] Copy Pods Resources";
			outputPaths = (
			);
			runOnlyForDeploymentPostprocessing = 0;
			shellPath = /bin/sh;
			shellScript = "\"${SRCROOT}/Pods/Target Support Files/Pods-OpenClass/Pods-OpenClass-resources.sh\"\n";
			showEnvVarsInLog = 0;
		};
		E30645065AD0BEE5A28243CC /* [CP] Copy Pods Resources */ = {
			isa = PBXShellScriptBuildPhase;
			buildActionMask = 2147483647;
			files = (
			);
			inputPaths = (
			);
			name = "[CP] Copy Pods Resources";
			outputPaths = (
			);
			runOnlyForDeploymentPostprocessing = 0;
			shellPath = /bin/sh;
			shellScript = "\"${SRCROOT}/Pods/Target Support Files/Pods-OpenClassTests/Pods-OpenClassTests-resources.sh\"\n";
			showEnvVarsInLog = 0;
		};
		EDD208BCE316C03B9C3FC194 /* [CP] Check Pods Manifest.lock */ = {
			isa = PBXShellScriptBuildPhase;
			buildActionMask = 2147483647;
			files = (
			);
			inputPaths = (
				"${PODS_PODFILE_DIR_PATH}/Podfile.lock",
				"${PODS_ROOT}/Manifest.lock",
			);
			name = "[CP] Check Pods Manifest.lock";
			outputPaths = (
				"$(DERIVED_FILE_DIR)/Pods-OpenClassUITests-checkManifestLockResult.txt",
			);
			runOnlyForDeploymentPostprocessing = 0;
			shellPath = /bin/sh;
			shellScript = "diff \"${PODS_PODFILE_DIR_PATH}/Podfile.lock\" \"${PODS_ROOT}/Manifest.lock\" > /dev/null\nif [ $? != 0 ] ; then\n    # print error to STDERR\n    echo \"error: The sandbox is not in sync with the Podfile.lock. Run 'pod install' or update your CocoaPods installation.\" >&2\n    exit 1\nfi\n# This output is used by Xcode 'outputs' to avoid re-running this script phase.\necho \"SUCCESS\" > \"${SCRIPT_OUTPUT_FILE_0}\"\n";
			showEnvVarsInLog = 0;
		};
		FF016AF21712CE4A0E944696 /* [CP] Check Pods Manifest.lock */ = {
			isa = PBXShellScriptBuildPhase;
			buildActionMask = 2147483647;
			files = (
			);
			inputPaths = (
				"${PODS_PODFILE_DIR_PATH}/Podfile.lock",
				"${PODS_ROOT}/Manifest.lock",
			);
			name = "[CP] Check Pods Manifest.lock";
			outputPaths = (
				"$(DERIVED_FILE_DIR)/Pods-OpenClassTests-checkManifestLockResult.txt",
			);
			runOnlyForDeploymentPostprocessing = 0;
			shellPath = /bin/sh;
			shellScript = "diff \"${PODS_PODFILE_DIR_PATH}/Podfile.lock\" \"${PODS_ROOT}/Manifest.lock\" > /dev/null\nif [ $? != 0 ] ; then\n    # print error to STDERR\n    echo \"error: The sandbox is not in sync with the Podfile.lock. Run 'pod install' or update your CocoaPods installation.\" >&2\n    exit 1\nfi\n# This output is used by Xcode 'outputs' to avoid re-running this script phase.\necho \"SUCCESS\" > \"${SCRIPT_OUTPUT_FILE_0}\"\n";
			showEnvVarsInLog = 0;
		};
/* End PBXShellScriptBuildPhase section */

/* Begin PBXSourcesBuildPhase section */
		550769721FA677EB00C8AE78 /* Sources */ = {
			isa = PBXSourcesBuildPhase;
			buildActionMask = 2147483647;
			files = (
				550D9B371FBA83CB00C0B131 /* User.swift in Sources */,
				6B14C34F1FD3438E002E2EC3 /* StudentTableCell.swift in Sources */,
				64237C811FC3D7B7001E797A /* NoteTableViewCell.swift in Sources */,
				6404DB951FBD13B300A1E9D2 /* Course.swift in Sources */,
				64CD40521FC53B7D0010CBE4 /* SelectedNotesViewController.swift in Sources */,
				644241C81FD1742800232165 /* FullScreenPhotoViewController.swift in Sources */,
				64662E591FBC44350035C68C /* AddCourseViewController.swift in Sources */,
				5507697C1FA677EB00C8AE78 /* LoginViewController.swift in Sources */,
				6463AD241FC6715B0034AA1D /* CommentTableViewCell.swift in Sources */,
				6463AD221FC66E8B0034AA1D /* CommentsViewController.swift in Sources */,
				644621FB1FC00C1900A909D1 /* NewClassNotesViewController.swift in Sources */,
				552D85111FCA077700469DCE /* MainFeedTableViewController.swift in Sources */,
				6463AD261FC69B410034AA1D /* Comment.swift in Sources */,
				55BD5C051FCB6B4000915A58 /* QuestionTableViewCell.swift in Sources */,
				6BE310631FCF62640044249D /* StudentListViewController.swift in Sources */,
				555FF48E1FB188CD002E362D /* CourseFeedViewController.swift in Sources */,
				64337E6E1FC0C4A6006F09A7 /* Notes.swift in Sources */,
				550769A81FA67A5100C8AE78 /* RegisterViewController.swift in Sources */,
				5525DE351FBF73AA00A72367 /* ForgotPasswordViewController.swift in Sources */,
				5507697A1FA677EB00C8AE78 /* AppDelegate.swift in Sources */,
				55458F9F1FBC2A41006C5D1C /* AnswersViewControllerTableViewCell.swift in Sources */,
				55604AA51FBAE9640087584F /* AnswersViewController.swift in Sources */,
				555CED791FCB62EB00DDEFC5 /* QuestionFeedTableViewController.swift in Sources */,
				55BD5C071FCB70D500915A58 /* Question.swift in Sources */,
				55B0DFE21FB68FDB009EC707 /* CourseFeedTableViewCell.swift in Sources */,
				6404DB931FBCFFE800A1E9D2 /* CreateCourseViewController.swift in Sources */,
				64237C831FC3DC7B001E797A /* NotesFeedViewController.swift in Sources */,
				554EDC581FB56B37003370AD /* GradientView.swift in Sources */,
			);
			runOnlyForDeploymentPostprocessing = 0;
		};
		550769861FA677EB00C8AE78 /* Sources */ = {
			isa = PBXSourcesBuildPhase;
			buildActionMask = 2147483647;
			files = (
				5507698F1FA677EB00C8AE78 /* OpenClassTests.swift in Sources */,
			);
			runOnlyForDeploymentPostprocessing = 0;
		};
		550769911FA677EC00C8AE78 /* Sources */ = {
			isa = PBXSourcesBuildPhase;
			buildActionMask = 2147483647;
			files = (
				5507699A1FA677EC00C8AE78 /* OpenClassUITests.swift in Sources */,
			);
			runOnlyForDeploymentPostprocessing = 0;
		};
/* End PBXSourcesBuildPhase section */

/* Begin PBXTargetDependency section */
		5507698C1FA677EB00C8AE78 /* PBXTargetDependency */ = {
			isa = PBXTargetDependency;
			target = 550769751FA677EB00C8AE78 /* OpenClass */;
			targetProxy = 5507698B1FA677EB00C8AE78 /* PBXContainerItemProxy */;
		};
		550769971FA677EC00C8AE78 /* PBXTargetDependency */ = {
			isa = PBXTargetDependency;
			target = 550769751FA677EB00C8AE78 /* OpenClass */;
			targetProxy = 550769961FA677EC00C8AE78 /* PBXContainerItemProxy */;
		};
/* End PBXTargetDependency section */

/* Begin PBXVariantGroup section */
		5507697D1FA677EB00C8AE78 /* Main.storyboard */ = {
			isa = PBXVariantGroup;
			children = (
				5507697E1FA677EB00C8AE78 /* Base */,
			);
			name = Main.storyboard;
			sourceTree = "<group>";
		};
		550769821FA677EB00C8AE78 /* LaunchScreen.storyboard */ = {
			isa = PBXVariantGroup;
			children = (
				550769831FA677EB00C8AE78 /* Base */,
			);
			name = LaunchScreen.storyboard;
			sourceTree = "<group>";
		};
/* End PBXVariantGroup section */

/* Begin XCBuildConfiguration section */
		5507699C1FA677EC00C8AE78 /* Debug */ = {
			isa = XCBuildConfiguration;
			buildSettings = {
				ALWAYS_SEARCH_USER_PATHS = NO;
				CLANG_ANALYZER_NONNULL = YES;
				CLANG_ANALYZER_NUMBER_OBJECT_CONVERSION = YES_AGGRESSIVE;
				CLANG_CXX_LANGUAGE_STANDARD = "gnu++14";
				CLANG_CXX_LIBRARY = "libc++";
				CLANG_ENABLE_MODULES = YES;
				CLANG_ENABLE_OBJC_ARC = YES;
				CLANG_WARN_BLOCK_CAPTURE_AUTORELEASING = YES;
				CLANG_WARN_BOOL_CONVERSION = YES;
				CLANG_WARN_COMMA = YES;
				CLANG_WARN_CONSTANT_CONVERSION = YES;
				CLANG_WARN_DIRECT_OBJC_ISA_USAGE = YES_ERROR;
				CLANG_WARN_DOCUMENTATION_COMMENTS = YES;
				CLANG_WARN_EMPTY_BODY = YES;
				CLANG_WARN_ENUM_CONVERSION = YES;
				CLANG_WARN_INFINITE_RECURSION = YES;
				CLANG_WARN_INT_CONVERSION = YES;
				CLANG_WARN_NON_LITERAL_NULL_CONVERSION = YES;
				CLANG_WARN_OBJC_LITERAL_CONVERSION = YES;
				CLANG_WARN_OBJC_ROOT_CLASS = YES_ERROR;
				CLANG_WARN_RANGE_LOOP_ANALYSIS = YES;
				CLANG_WARN_STRICT_PROTOTYPES = YES;
				CLANG_WARN_SUSPICIOUS_MOVE = YES;
				CLANG_WARN_UNGUARDED_AVAILABILITY = YES_AGGRESSIVE;
				CLANG_WARN_UNREACHABLE_CODE = YES;
				CLANG_WARN__DUPLICATE_METHOD_MATCH = YES;
				CODE_SIGN_IDENTITY = "iPhone Developer";
				COPY_PHASE_STRIP = NO;
				DEBUG_INFORMATION_FORMAT = dwarf;
				ENABLE_STRICT_OBJC_MSGSEND = YES;
				ENABLE_TESTABILITY = YES;
				GCC_C_LANGUAGE_STANDARD = gnu11;
				GCC_DYNAMIC_NO_PIC = NO;
				GCC_NO_COMMON_BLOCKS = YES;
				GCC_OPTIMIZATION_LEVEL = 0;
				GCC_PREPROCESSOR_DEFINITIONS = (
					"DEBUG=1",
					"$(inherited)",
				);
				GCC_WARN_64_TO_32_BIT_CONVERSION = YES;
				GCC_WARN_ABOUT_RETURN_TYPE = YES_ERROR;
				GCC_WARN_UNDECLARED_SELECTOR = YES;
				GCC_WARN_UNINITIALIZED_AUTOS = YES_AGGRESSIVE;
				GCC_WARN_UNUSED_FUNCTION = YES;
				GCC_WARN_UNUSED_VARIABLE = YES;
				IPHONEOS_DEPLOYMENT_TARGET = 11.0;
				MTL_ENABLE_DEBUG_INFO = YES;
				ONLY_ACTIVE_ARCH = YES;
				SDKROOT = iphoneos;
				SWIFT_ACTIVE_COMPILATION_CONDITIONS = DEBUG;
				SWIFT_OPTIMIZATION_LEVEL = "-Onone";
			};
			name = Debug;
		};
		5507699D1FA677EC00C8AE78 /* Release */ = {
			isa = XCBuildConfiguration;
			buildSettings = {
				ALWAYS_SEARCH_USER_PATHS = NO;
				CLANG_ANALYZER_NONNULL = YES;
				CLANG_ANALYZER_NUMBER_OBJECT_CONVERSION = YES_AGGRESSIVE;
				CLANG_CXX_LANGUAGE_STANDARD = "gnu++14";
				CLANG_CXX_LIBRARY = "libc++";
				CLANG_ENABLE_MODULES = YES;
				CLANG_ENABLE_OBJC_ARC = YES;
				CLANG_WARN_BLOCK_CAPTURE_AUTORELEASING = YES;
				CLANG_WARN_BOOL_CONVERSION = YES;
				CLANG_WARN_COMMA = YES;
				CLANG_WARN_CONSTANT_CONVERSION = YES;
				CLANG_WARN_DIRECT_OBJC_ISA_USAGE = YES_ERROR;
				CLANG_WARN_DOCUMENTATION_COMMENTS = YES;
				CLANG_WARN_EMPTY_BODY = YES;
				CLANG_WARN_ENUM_CONVERSION = YES;
				CLANG_WARN_INFINITE_RECURSION = YES;
				CLANG_WARN_INT_CONVERSION = YES;
				CLANG_WARN_NON_LITERAL_NULL_CONVERSION = YES;
				CLANG_WARN_OBJC_LITERAL_CONVERSION = YES;
				CLANG_WARN_OBJC_ROOT_CLASS = YES_ERROR;
				CLANG_WARN_RANGE_LOOP_ANALYSIS = YES;
				CLANG_WARN_STRICT_PROTOTYPES = YES;
				CLANG_WARN_SUSPICIOUS_MOVE = YES;
				CLANG_WARN_UNGUARDED_AVAILABILITY = YES_AGGRESSIVE;
				CLANG_WARN_UNREACHABLE_CODE = YES;
				CLANG_WARN__DUPLICATE_METHOD_MATCH = YES;
				CODE_SIGN_IDENTITY = "iPhone Developer";
				COPY_PHASE_STRIP = NO;
				DEBUG_INFORMATION_FORMAT = "dwarf-with-dsym";
				ENABLE_NS_ASSERTIONS = NO;
				ENABLE_STRICT_OBJC_MSGSEND = YES;
				GCC_C_LANGUAGE_STANDARD = gnu11;
				GCC_NO_COMMON_BLOCKS = YES;
				GCC_WARN_64_TO_32_BIT_CONVERSION = YES;
				GCC_WARN_ABOUT_RETURN_TYPE = YES_ERROR;
				GCC_WARN_UNDECLARED_SELECTOR = YES;
				GCC_WARN_UNINITIALIZED_AUTOS = YES_AGGRESSIVE;
				GCC_WARN_UNUSED_FUNCTION = YES;
				GCC_WARN_UNUSED_VARIABLE = YES;
				IPHONEOS_DEPLOYMENT_TARGET = 11.0;
				MTL_ENABLE_DEBUG_INFO = NO;
				SDKROOT = iphoneos;
				SWIFT_OPTIMIZATION_LEVEL = "-Owholemodule";
				VALIDATE_PRODUCT = YES;
			};
			name = Release;
		};
		5507699F1FA677EC00C8AE78 /* Debug */ = {
			isa = XCBuildConfiguration;
			baseConfigurationReference = 2C374514CDAB4C06F00695D8 /* Pods-OpenClass.debug.xcconfig */;
			buildSettings = {
				ASSETCATALOG_COMPILER_APPICON_NAME = AppIcon;
				CODE_SIGN_STYLE = Automatic;
				DEVELOPMENT_TEAM = "";
				INFOPLIST_FILE = OpenClass/Info.plist;
				IPHONEOS_DEPLOYMENT_TARGET = 10.0;
				LD_RUNPATH_SEARCH_PATHS = "$(inherited) @executable_path/Frameworks";
				PRODUCT_BUNDLE_IDENTIFIER = OpenClass.OpenClass;
				PRODUCT_NAME = "$(TARGET_NAME)";
				SWIFT_VERSION = 4.0;
				TARGETED_DEVICE_FAMILY = "1,2";
			};
			name = Debug;
		};
		550769A01FA677EC00C8AE78 /* Release */ = {
			isa = XCBuildConfiguration;
			baseConfigurationReference = 3F962B473E4679D3791409B0 /* Pods-OpenClass.release.xcconfig */;
			buildSettings = {
				ASSETCATALOG_COMPILER_APPICON_NAME = AppIcon;
				CODE_SIGN_STYLE = Automatic;
				DEVELOPMENT_TEAM = "";
				INFOPLIST_FILE = OpenClass/Info.plist;
				IPHONEOS_DEPLOYMENT_TARGET = 10.0;
				LD_RUNPATH_SEARCH_PATHS = "$(inherited) @executable_path/Frameworks";
				PRODUCT_BUNDLE_IDENTIFIER = OpenClass.OpenClass;
				PRODUCT_NAME = "$(TARGET_NAME)";
				SWIFT_VERSION = 4.0;
				TARGETED_DEVICE_FAMILY = "1,2";
			};
			name = Release;
		};
		550769A21FA677EC00C8AE78 /* Debug */ = {
			isa = XCBuildConfiguration;
			baseConfigurationReference = 5D82D573B907585B8C7222F1 /* Pods-OpenClassTests.debug.xcconfig */;
			buildSettings = {
				ALWAYS_EMBED_SWIFT_STANDARD_LIBRARIES = YES;
				BUNDLE_LOADER = "$(TEST_HOST)";
				CODE_SIGN_STYLE = Automatic;
				INFOPLIST_FILE = OpenClassTests/Info.plist;
				LD_RUNPATH_SEARCH_PATHS = "$(inherited) @executable_path/Frameworks @loader_path/Frameworks";
				PRODUCT_BUNDLE_IDENTIFIER = OpenClass.OpenClassTests;
				PRODUCT_NAME = "$(TARGET_NAME)";
				SWIFT_VERSION = 4.0;
				TARGETED_DEVICE_FAMILY = "1,2";
				TEST_HOST = "$(BUILT_PRODUCTS_DIR)/OpenClass.app/OpenClass";
			};
			name = Debug;
		};
		550769A31FA677EC00C8AE78 /* Release */ = {
			isa = XCBuildConfiguration;
			baseConfigurationReference = D93FFBAC3618BB9CF18CD28A /* Pods-OpenClassTests.release.xcconfig */;
			buildSettings = {
				ALWAYS_EMBED_SWIFT_STANDARD_LIBRARIES = YES;
				BUNDLE_LOADER = "$(TEST_HOST)";
				CODE_SIGN_STYLE = Automatic;
				INFOPLIST_FILE = OpenClassTests/Info.plist;
				LD_RUNPATH_SEARCH_PATHS = "$(inherited) @executable_path/Frameworks @loader_path/Frameworks";
				PRODUCT_BUNDLE_IDENTIFIER = OpenClass.OpenClassTests;
				PRODUCT_NAME = "$(TARGET_NAME)";
				SWIFT_VERSION = 4.0;
				TARGETED_DEVICE_FAMILY = "1,2";
				TEST_HOST = "$(BUILT_PRODUCTS_DIR)/OpenClass.app/OpenClass";
			};
			name = Release;
		};
		550769A51FA677EC00C8AE78 /* Debug */ = {
			isa = XCBuildConfiguration;
			baseConfigurationReference = 409BDC7D0162282D8F061603 /* Pods-OpenClassUITests.debug.xcconfig */;
			buildSettings = {
				ALWAYS_EMBED_SWIFT_STANDARD_LIBRARIES = YES;
				CODE_SIGN_STYLE = Automatic;
				INFOPLIST_FILE = OpenClassUITests/Info.plist;
				LD_RUNPATH_SEARCH_PATHS = "$(inherited) @executable_path/Frameworks @loader_path/Frameworks";
				PRODUCT_BUNDLE_IDENTIFIER = OpenClass.OpenClassUITests;
				PRODUCT_NAME = "$(TARGET_NAME)";
				SWIFT_VERSION = 4.0;
				TARGETED_DEVICE_FAMILY = "1,2";
				TEST_TARGET_NAME = OpenClass;
			};
			name = Debug;
		};
		550769A61FA677EC00C8AE78 /* Release */ = {
			isa = XCBuildConfiguration;
			baseConfigurationReference = B94E53EE1DA56A3EAB0DC212 /* Pods-OpenClassUITests.release.xcconfig */;
			buildSettings = {
				ALWAYS_EMBED_SWIFT_STANDARD_LIBRARIES = YES;
				CODE_SIGN_STYLE = Automatic;
				INFOPLIST_FILE = OpenClassUITests/Info.plist;
				LD_RUNPATH_SEARCH_PATHS = "$(inherited) @executable_path/Frameworks @loader_path/Frameworks";
				PRODUCT_BUNDLE_IDENTIFIER = OpenClass.OpenClassUITests;
				PRODUCT_NAME = "$(TARGET_NAME)";
				SWIFT_VERSION = 4.0;
				TARGETED_DEVICE_FAMILY = "1,2";
				TEST_TARGET_NAME = OpenClass;
			};
			name = Release;
		};
/* End XCBuildConfiguration section */

/* Begin XCConfigurationList section */
		550769711FA677EB00C8AE78 /* Build configuration list for PBXProject "OpenClass" */ = {
			isa = XCConfigurationList;
			buildConfigurations = (
				5507699C1FA677EC00C8AE78 /* Debug */,
				5507699D1FA677EC00C8AE78 /* Release */,
			);
			defaultConfigurationIsVisible = 0;
			defaultConfigurationName = Release;
		};
		5507699E1FA677EC00C8AE78 /* Build configuration list for PBXNativeTarget "OpenClass" */ = {
			isa = XCConfigurationList;
			buildConfigurations = (
				5507699F1FA677EC00C8AE78 /* Debug */,
				550769A01FA677EC00C8AE78 /* Release */,
			);
			defaultConfigurationIsVisible = 0;
			defaultConfigurationName = Release;
		};
		550769A11FA677EC00C8AE78 /* Build configuration list for PBXNativeTarget "OpenClassTests" */ = {
			isa = XCConfigurationList;
			buildConfigurations = (
				550769A21FA677EC00C8AE78 /* Debug */,
				550769A31FA677EC00C8AE78 /* Release */,
			);
			defaultConfigurationIsVisible = 0;
			defaultConfigurationName = Release;
		};
		550769A41FA677EC00C8AE78 /* Build configuration list for PBXNativeTarget "OpenClassUITests" */ = {
			isa = XCConfigurationList;
			buildConfigurations = (
				550769A51FA677EC00C8AE78 /* Debug */,
				550769A61FA677EC00C8AE78 /* Release */,
			);
			defaultConfigurationIsVisible = 0;
			defaultConfigurationName = Release;
		};
/* End XCConfigurationList section */
	};
	rootObject = 5507696E1FA677EB00C8AE78 /* Project object */;
}
