
Microsoft Visual Studio Solution File, Format Version 12.00
# Visual Studio 2012
Project("{FAE04EC0-301F-11D3-BF4B-00C04F79EFBC}") = "EBM", "EBM.csproj", "{AB34934E-98F1-4AA2-8C6A-8D13F0D7B936}"
EndProject
Global
	GlobalSection(SolutionConfigurationPlatforms) = preSolution
		Debug|Any CPU = Debug|Any CPU
		Release|Any CPU = Release|Any CPU
	EndGlobalSection
	GlobalSection(ProjectConfigurationPlatforms) = postSolution
		{AB34934E-98F1-4AA2-8C6A-8D13F0D7B936}.Debug|Any CPU.ActiveCfg = Debug|Any CPU
		{AB34934E-98F1-4AA2-8C6A-8D13F0D7B936}.Debug|Any CPU.Build.0 = Debug|Any CPU
		{AB34934E-98F1-4AA2-8C6A-8D13F0D7B936}.Release|Any CPU.ActiveCfg = Release|Any CPU
		{AB34934E-98F1-4AA2-8C6A-8D13F0D7B936}.Release|Any CPU.Build.0 = Release|Any CPU
	EndGlobalSection
EndGlobal
