
Microsoft Visual Studio Solution File, Format Version 12.00
# Visual Studio 14
VisualStudioVersion = 14.0.25420.1
MinimumVisualStudioVersion = 10.0.40219.1
Project("{FAE04EC0-301F-11D3-BF4B-00C04F79EFBC}") = "EBM", "EBM\EBM.csproj", "{AB34934E-98F1-4AA2-8C6A-8D13F0D7B936}"
EndProject
Project("{2150E333-8FDC-42A3-9474-1A3956D46DE8}") = "Server", "Server", "{2707A1B3-530F-46BF-BB08-2DC426CBBEA2}"
EndProject
Project("{2150E333-8FDC-42A3-9474-1A3956D46DE8}") = "EBM.Endpoint", "EBM.Endpoint", "{347D1B29-B946-44DE-A4AB-234F36EF5D82}"
EndProject
Project("{2150E333-8FDC-42A3-9474-1A3956D46DE8}") = "Libraries", "Libraries", "{5DCAF7C2-6A2C-48D1-A98C-7C73B4A4EFFE}"
EndProject
Project("{FAE04EC0-301F-11D3-BF4B-00C04F79EFBC}") = "ConnectionManager", "ConnectionManager\ConnectionManager.csproj", "{9940F2EF-7E34-4D4A-9130-4D8F9D7EFC87}"
EndProject
Project("{8BC9CEB8-8B4A-11D0-8D11-00A0C91BC942}") = "EBM.Endpoint", "EBM.Endpoint\EBM.Endpoint.vcxproj", "{AECA634A-ACFF-4186-916B-340132796C43}"
EndProject
Project("{8BC9CEB8-8B4A-11D0-8D11-00A0C91BC942}") = "Endpoint.Installer", "Endpoint.Installer\Endpoint.Installer.vcxproj", "{D4445ED2-0413-4199-8E5F-7DD317DAEBBC}"
EndProject
Project("{FAE04EC0-301F-11D3-BF4B-00C04F79EFBC}") = "EBM.Install", "EBM.Install\EBM.Install.csproj", "{EF131781-3B48-4DFC-9EB2-A92C46DA51FF}"
EndProject
Global
	GlobalSection(SolutionConfigurationPlatforms) = preSolution
		Debug|Any CPU = Debug|Any CPU
		Debug|x64 = Debug|x64
		Debug|x86 = Debug|x86
		Release|Any CPU = Release|Any CPU
		Release|x64 = Release|x64
		Release|x86 = Release|x86
	EndGlobalSection
	GlobalSection(ProjectConfigurationPlatforms) = postSolution
		{AB34934E-98F1-4AA2-8C6A-8D13F0D7B936}.Debug|Any CPU.ActiveCfg = Debug|Any CPU
		{AB34934E-98F1-4AA2-8C6A-8D13F0D7B936}.Debug|Any CPU.Build.0 = Debug|Any CPU
		{AB34934E-98F1-4AA2-8C6A-8D13F0D7B936}.Debug|x64.ActiveCfg = Debug|Any CPU
		{AB34934E-98F1-4AA2-8C6A-8D13F0D7B936}.Debug|x64.Build.0 = Debug|Any CPU
		{AB34934E-98F1-4AA2-8C6A-8D13F0D7B936}.Debug|x86.ActiveCfg = Debug|Any CPU
		{AB34934E-98F1-4AA2-8C6A-8D13F0D7B936}.Debug|x86.Build.0 = Debug|Any CPU
		{AB34934E-98F1-4AA2-8C6A-8D13F0D7B936}.Release|Any CPU.ActiveCfg = Release|Any CPU
		{AB34934E-98F1-4AA2-8C6A-8D13F0D7B936}.Release|Any CPU.Build.0 = Release|Any CPU
		{AB34934E-98F1-4AA2-8C6A-8D13F0D7B936}.Release|x64.ActiveCfg = Release|Any CPU
		{AB34934E-98F1-4AA2-8C6A-8D13F0D7B936}.Release|x64.Build.0 = Release|Any CPU
		{AB34934E-98F1-4AA2-8C6A-8D13F0D7B936}.Release|x86.ActiveCfg = Release|Any CPU
		{AB34934E-98F1-4AA2-8C6A-8D13F0D7B936}.Release|x86.Build.0 = Release|Any CPU
		{9940F2EF-7E34-4D4A-9130-4D8F9D7EFC87}.Debug|Any CPU.ActiveCfg = Debug|Any CPU
		{9940F2EF-7E34-4D4A-9130-4D8F9D7EFC87}.Debug|Any CPU.Build.0 = Debug|Any CPU
		{9940F2EF-7E34-4D4A-9130-4D8F9D7EFC87}.Debug|x64.ActiveCfg = Debug|Any CPU
		{9940F2EF-7E34-4D4A-9130-4D8F9D7EFC87}.Debug|x64.Build.0 = Debug|Any CPU
		{9940F2EF-7E34-4D4A-9130-4D8F9D7EFC87}.Debug|x86.ActiveCfg = Debug|Any CPU
		{9940F2EF-7E34-4D4A-9130-4D8F9D7EFC87}.Debug|x86.Build.0 = Debug|Any CPU
		{9940F2EF-7E34-4D4A-9130-4D8F9D7EFC87}.Release|Any CPU.ActiveCfg = Release|Any CPU
		{9940F2EF-7E34-4D4A-9130-4D8F9D7EFC87}.Release|Any CPU.Build.0 = Release|Any CPU
		{9940F2EF-7E34-4D4A-9130-4D8F9D7EFC87}.Release|x64.ActiveCfg = Release|Any CPU
		{9940F2EF-7E34-4D4A-9130-4D8F9D7EFC87}.Release|x64.Build.0 = Release|Any CPU
		{9940F2EF-7E34-4D4A-9130-4D8F9D7EFC87}.Release|x86.ActiveCfg = Release|Any CPU
		{9940F2EF-7E34-4D4A-9130-4D8F9D7EFC87}.Release|x86.Build.0 = Release|Any CPU
		{AECA634A-ACFF-4186-916B-340132796C43}.Debug|Any CPU.ActiveCfg = Debug|Win32
		{AECA634A-ACFF-4186-916B-340132796C43}.Debug|x64.ActiveCfg = Debug|x64
		{AECA634A-ACFF-4186-916B-340132796C43}.Debug|x64.Build.0 = Debug|x64
		{AECA634A-ACFF-4186-916B-340132796C43}.Debug|x86.ActiveCfg = Debug|Win32
		{AECA634A-ACFF-4186-916B-340132796C43}.Debug|x86.Build.0 = Debug|Win32
		{AECA634A-ACFF-4186-916B-340132796C43}.Release|Any CPU.ActiveCfg = Release|Win32
		{AECA634A-ACFF-4186-916B-340132796C43}.Release|x64.ActiveCfg = Release|x64
		{AECA634A-ACFF-4186-916B-340132796C43}.Release|x64.Build.0 = Release|x64
		{AECA634A-ACFF-4186-916B-340132796C43}.Release|x86.ActiveCfg = Release|Win32
		{AECA634A-ACFF-4186-916B-340132796C43}.Release|x86.Build.0 = Release|Win32
		{D4445ED2-0413-4199-8E5F-7DD317DAEBBC}.Debug|Any CPU.ActiveCfg = Debug|Win32
		{D4445ED2-0413-4199-8E5F-7DD317DAEBBC}.Debug|x64.ActiveCfg = Debug|x64
		{D4445ED2-0413-4199-8E5F-7DD317DAEBBC}.Debug|x64.Build.0 = Debug|x64
		{D4445ED2-0413-4199-8E5F-7DD317DAEBBC}.Debug|x86.ActiveCfg = Debug|Win32
		{D4445ED2-0413-4199-8E5F-7DD317DAEBBC}.Debug|x86.Build.0 = Debug|Win32
		{D4445ED2-0413-4199-8E5F-7DD317DAEBBC}.Release|Any CPU.ActiveCfg = Release|Win32
		{D4445ED2-0413-4199-8E5F-7DD317DAEBBC}.Release|x64.ActiveCfg = Release|x64
		{D4445ED2-0413-4199-8E5F-7DD317DAEBBC}.Release|x64.Build.0 = Release|x64
		{D4445ED2-0413-4199-8E5F-7DD317DAEBBC}.Release|x86.ActiveCfg = Release|Win32
		{D4445ED2-0413-4199-8E5F-7DD317DAEBBC}.Release|x86.Build.0 = Release|Win32
		{EF131781-3B48-4DFC-9EB2-A92C46DA51FF}.Debug|Any CPU.ActiveCfg = Debug|Any CPU
		{EF131781-3B48-4DFC-9EB2-A92C46DA51FF}.Debug|Any CPU.Build.0 = Debug|Any CPU
		{EF131781-3B48-4DFC-9EB2-A92C46DA51FF}.Debug|x64.ActiveCfg = Debug|Any CPU
		{EF131781-3B48-4DFC-9EB2-A92C46DA51FF}.Debug|x64.Build.0 = Debug|Any CPU
		{EF131781-3B48-4DFC-9EB2-A92C46DA51FF}.Debug|x86.ActiveCfg = Debug|Any CPU
		{EF131781-3B48-4DFC-9EB2-A92C46DA51FF}.Debug|x86.Build.0 = Debug|Any CPU
		{EF131781-3B48-4DFC-9EB2-A92C46DA51FF}.Release|Any CPU.ActiveCfg = Release|Any CPU
		{EF131781-3B48-4DFC-9EB2-A92C46DA51FF}.Release|Any CPU.Build.0 = Release|Any CPU
		{EF131781-3B48-4DFC-9EB2-A92C46DA51FF}.Release|x64.ActiveCfg = Release|Any CPU
		{EF131781-3B48-4DFC-9EB2-A92C46DA51FF}.Release|x64.Build.0 = Release|Any CPU
		{EF131781-3B48-4DFC-9EB2-A92C46DA51FF}.Release|x86.ActiveCfg = Release|Any CPU
		{EF131781-3B48-4DFC-9EB2-A92C46DA51FF}.Release|x86.Build.0 = Release|Any CPU
	EndGlobalSection
	GlobalSection(SolutionProperties) = preSolution
		HideSolutionNode = FALSE
	EndGlobalSection
	GlobalSection(NestedProjects) = preSolution
		{AB34934E-98F1-4AA2-8C6A-8D13F0D7B936} = {2707A1B3-530F-46BF-BB08-2DC426CBBEA2}
		{9940F2EF-7E34-4D4A-9130-4D8F9D7EFC87} = {5DCAF7C2-6A2C-48D1-A98C-7C73B4A4EFFE}
		{AECA634A-ACFF-4186-916B-340132796C43} = {347D1B29-B946-44DE-A4AB-234F36EF5D82}
		{D4445ED2-0413-4199-8E5F-7DD317DAEBBC} = {347D1B29-B946-44DE-A4AB-234F36EF5D82}
		{EF131781-3B48-4DFC-9EB2-A92C46DA51FF} = {2707A1B3-530F-46BF-BB08-2DC426CBBEA2}
	EndGlobalSection
EndGlobal
